# THIS IS AN AUTOGENERATED FILE. DO NOT EDIT THIS FILE DIRECTLY.
# yarn lockfile v1


lunr-languages@^1.4.0:
  version "1.4.0"
  resolved "https://registry.yarnpkg.com/lunr-languages/-/lunr-languages-1.4.0.tgz#42abb12aa81447d1ece5aa35676adcdf40a3e8a8"
  integrity sha512-YWfZDExJN/MJEVE/DbM4AuVRLsqeHi+q3wmECMsWjGIOkd5mr9DUNos7fv8f5do9VLRMYXIzFjn+N4+KPI9pQA==

lunr@^2.3.9:
  version "2.3.9"
  resolved "https://registry.yarnpkg.com/lunr/-/lunr-2.3.9.tgz#18b123142832337dd6e964df1a5a7707b25d35e1"
  integrity sha512-zTU3DaZaF3Rt9rhN3uBMGQD3dD2/vFQqnvZCDv4dl5iOzq2IZQqTxu90r4E5J+nP70J3ilqVCrbho2eWaeW8Ow==
